
Microsoft Visual Studio Solution File, Format Version 12.00
# Visual Studio 2013
VisualStudioVersion = 12.0.21005.1
MinimumVisualStudioVersion = 10.0.40219.1
Project("{8BC9CEB8-8B4A-11D0-8D11-00A0C91BC942}") = "tp5_ift436", "tp5_ift436\tp5_ift436.vcxproj", "{E88522C9-C371-4AF1-91FD-CE11436BB23A}"
EndProject
Global
	GlobalSection(SolutionConfigurationPlatforms) = preSolution
		Debug|Win32 = Debug|Win32
		Release|Win32 = Release|Win32
	EndGlobalSection
	GlobalSection(ProjectConfigurationPlatforms) = postSolution
		{E88522C9-C371-4AF1-91FD-CE11436BB23A}.Debug|Win32.ActiveCfg = Debug|Win32
		{E88522C9-C371-4AF1-91FD-CE11436BB23A}.Debug|Win32.Build.0 = Debug|Win32
		{E88522C9-C371-4AF1-91FD-CE11436BB23A}.Release|Win32.ActiveCfg = Release|Win32
		{E88522C9-C371-4AF1-91FD-CE11436BB23A}.Release|Win32.Build.0 = Release|Win32
	EndGlobalSection
	GlobalSection(SolutionProperties) = preSolution
		HideSolutionNode = FALSE
	EndGlobalSection
EndGlobal
